
Microsoft Visual Studio Solution File, Format Version 12.00
# Visual Studio Version 17
VisualStudioVersion = 17.4.33213.308
MinimumVisualStudioVersion = 10.0.40219.1
Project("{FAE04EC0-301F-11D3-BF4B-00C04F79EFBC}") = "PaymentGateway", "PaymentGateway.csproj", "{0A00BBE0-DEA6-4508-9B50-4FE5DD66C865}"
EndProject
Global
	GlobalSection(SolutionConfigurationPlatforms) = preSolution
		Debug|Any CPU = Debug|Any CPU
		Release|Any CPU = Release|Any CPU
	EndGlobalSection
	GlobalSection(ProjectConfigurationPlatforms) = postSolution
		{0A00BBE0-DEA6-4508-9B50-4FE5DD66C865}.Debug|Any CPU.ActiveCfg = Debug|Any CPU
		{0A00BBE0-DEA6-4508-9B50-4FE5DD66C865}.Debug|Any CPU.Build.0 = Debug|Any CPU
		{0A00BBE0-DEA6-4508-9B50-4FE5DD66C865}.Release|Any CPU.ActiveCfg = Release|Any CPU
		{0A00BBE0-DEA6-4508-9B50-4FE5DD66C865}.Release|Any CPU.Build.0 = Release|Any CPU
	EndGlobalSection
	GlobalSection(SolutionProperties) = preSolution
		HideSolutionNode = FALSE
	EndGlobalSection
	GlobalSection(ExtensibilityGlobals) = postSolution
		SolutionGuid = {6F267539-660E-4E68-8EEB-4536A9D34C85}
	EndGlobalSection
EndGlobal
